
Microsoft Visual Studio Solution File, Format Version 12.00
# Visual Studio Version 17
VisualStudioVersion = 17.2.32505.173
MinimumVisualStudioVersion = 10.0.40219.1
Project("{FAE04EC0-301F-11D3-BF4B-00C04F79EFBC}") = "SistemaGerenciamentoPetShop", "SistemaGerenciamentoPetShop\SistemaGerenciamentoPetShop.csproj", "{7F82FC29-9828-4301-9D0F-ECF0E2FD55E5}"
EndProject
Global
	GlobalSection(SolutionConfigurationPlatforms) = preSolution
		Debug|Any CPU = Debug|Any CPU
		Release|Any CPU = Release|Any CPU
	EndGlobalSection
	GlobalSection(ProjectConfigurationPlatforms) = postSolution
		{7F82FC29-9828-4301-9D0F-ECF0E2FD55E5}.Debug|Any CPU.ActiveCfg = Debug|Any CPU
		{7F82FC29-9828-4301-9D0F-ECF0E2FD55E5}.Debug|Any CPU.Build.0 = Debug|Any CPU
		{7F82FC29-9828-4301-9D0F-ECF0E2FD55E5}.Release|Any CPU.ActiveCfg = Release|Any CPU
		{7F82FC29-9828-4301-9D0F-ECF0E2FD55E5}.Release|Any CPU.Build.0 = Release|Any CPU
	EndGlobalSection
	GlobalSection(SolutionProperties) = preSolution
		HideSolutionNode = FALSE
	EndGlobalSection
	GlobalSection(ExtensibilityGlobals) = postSolution
		SolutionGuid = {3EE98270-565A-40F4-AB44-3F77E3D89CDE}
	EndGlobalSection
EndGlobal
